// !$*UTF8*$!
{
	archiveVersion = 1;
	classes = {
	};
	objectVersion = 77;
	objects = {

/* Begin PBXBuildFile section */
		05203B3B2710756C572C03EC /* SpriteKitPhysicsView.swift in Sources */ = {isa = PBXBuildFile; fileRef = B454C5532365909BB19F8213 /* SpriteKitPhysicsView.swift */; };
		0A5BFBE55725B4126841324C /* DemoModule.swift in Sources */ = {isa = PBXBuildFile; fileRef = A05772D1F6F3B6099A9434E0 /* DemoModule.swift */; };
		138B80BB5BCC0DA7324B96A9 /* ProceduralGeometryView.swift in Sources */ = {isa = PBXBuildFile; fileRef = 01B395AC619B26E5030EB84D /* ProceduralGeometryView.swift */; };
		163A789FB5EB011DD05358F1 /* FireSmokeView.swift in Sources */ = {isa = PBXBuildFile; fileRef = 319F55D96381BE3AC1AABCB3 /* FireSmokeView.swift */; };
		1817101F39700628E6FC34E9 /* MagneticFieldView.swift in Sources */ = {isa = PBXBuildFile; fileRef = E016F67E557F3D7BDE29D28C /* MagneticFieldView.swift */; };
		1C88FB111CA31CD33D1C3ED3 /* HologramEffectView.swift in Sources */ = {isa = PBXBuildFile; fileRef = FB5A39FC7F93D23D3B786553 /* HologramEffectView.swift */; };
		1EF998FC36F376BCDC331098 /* TouchTrailView.swift in Sources */ = {isa = PBXBuildFile; fileRef = B747DA1760A02261E38DCB06 /* TouchTrailView.swift */; };
		2361A7EE73CC83C58B519943 /* PencilKitCanvasView.swift in Sources */ = {isa = PBXBuildFile; fileRef = D1CAF7028C36D957D22E4DBE /* PencilKitCanvasView.swift */; };
		35041B233F97BA1F2DA2C9BD /* FilterGalleryView.swift in Sources */ = {isa = PBXBuildFile; fileRef = F48134C32D6B6EAC5D314665 /* FilterGalleryView.swift */; };
		357D81A75F3043F093A0D161 /* SignaturePadView.swift in Sources */ = {isa = PBXBuildFile; fileRef = 66F4D21FAA8EAA9B0E3184B1 /* SignaturePadView.swift */; };
		37538B5AA401DABBC5C5B983 /* ModelViewerView.swift in Sources */ = {isa = PBXBuildFile; fileRef = 534BD5FAFF93DAC9FD80F0DE /* ModelViewerView.swift */; };
		38969E05FED64C762BEADC2C /* ShaderPlaygroundView.swift in Sources */ = {isa = PBXBuildFile; fileRef = 9E0578BD25D09AF4243D79D4 /* ShaderPlaygroundView.swift */; };
		39F145A26E6F7B1288B00604 /* SpringPlaygroundView.swift in Sources */ = {isa = PBXBuildFile; fileRef = 5AA5C0C0CF14A8D8A2E99F8C /* SpringPlaygroundView.swift */; };
		4A6A5939E22FAEFEC2D61FCF /* CustomTransitionsView.swift in Sources */ = {isa = PBXBuildFile; fileRef = 12A63DD145BF0B90CF23150E /* CustomTransitionsView.swift */; };
		4AA74AC60222CEED0402066E /* RagdollPlaygroundView.swift in Sources */ = {isa = PBXBuildFile; fileRef = D00C1D5C0C4A633B959A5D76 /* RagdollPlaygroundView.swift */; };
		643DB8DE07FEF66506E95C65 /* GravityCardsView.swift in Sources */ = {isa = PBXBuildFile; fileRef = 0CF93C4360FD80A004DBFCD8 /* GravityCardsView.swift */; };
		6EFDEB1F0825789B3F39A31C /* GravityBallsView.swift in Sources */ = {isa = PBXBuildFile; fileRef = C9B1F5CEA68F872445050A5F /* GravityBallsView.swift */; };
		70FFC5D23882D7383AD52CF4 /* DrawingCanvasView.swift in Sources */ = {isa = PBXBuildFile; fileRef = D11BCBA8994CFE7B4D0AECCB /* DrawingCanvasView.swift */; };
		721E01A92ED971DD4B99EDD6 /* ContentView.swift in Sources */ = {isa = PBXBuildFile; fileRef = 8F48227653248D8C56637DE8 /* ContentView.swift */; };
		759971B3C795124319D67CC6 /* ConfettiView.swift in Sources */ = {isa = PBXBuildFile; fileRef = 5020D500733AA3BD990E8A4A /* ConfettiView.swift */; };
		7C1088D2C126731D4B1CCE59 /* CollisionBubblesView.swift in Sources */ = {isa = PBXBuildFile; fileRef = A180C05F5DE4BF40287ACD3B /* CollisionBubblesView.swift */; };
		803BA7AEE3ABC8812802C219 /* SolarSystemView.swift in Sources */ = {isa = PBXBuildFile; fileRef = CB5CA416A1F61D467C105C65 /* SolarSystemView.swift */; };
		82C097C829CF73CA68CD8389 /* FluidSimulationView.swift in Sources */ = {isa = PBXBuildFile; fileRef = C9C736C5DB643787C3B72255 /* FluidSimulationView.swift */; };
		82E7384175608A0643DF1B8C /* DestructionPhysicsView.swift in Sources */ = {isa = PBXBuildFile; fileRef = 4028CE89A97AB2F9883782D1 /* DestructionPhysicsView.swift */; };
		86385BD4984481572F63B2CA /* KeyframeAnimationsView.swift in Sources */ = {isa = PBXBuildFile; fileRef = 745644BBFD99EF4A84E9844C /* KeyframeAnimationsView.swift */; };
		8D466C630330DC546E067BCE /* SwipeBackDisabler.swift in Sources */ = {isa = PBXBuildFile; fileRef = 53B677A242E1E31BAE58349D /* SwipeBackDisabler.swift */; };
		95D3B0FCA3D47F0ED8020606 /* FreehandDrawingView.swift in Sources */ = {isa = PBXBuildFile; fileRef = 4B304A26B7D0F854D81EDB5F /* FreehandDrawingView.swift */; };
		A52F3C77880D422E8947E945 /* CameraFiltersView.swift in Sources */ = {isa = PBXBuildFile; fileRef = BAECF8764CF6BA84ADFE688A /* CameraFiltersView.swift */; };
		A997C56364DAE82DACAC9B4E /* MorphingShapesView.swift in Sources */ = {isa = PBXBuildFile; fileRef = 5DA70063F22F901D6DEE244C /* MorphingShapesView.swift */; };
		AFC87944DBC8A841AD9AA3A0 /* SceneKit3DView.swift in Sources */ = {isa = PBXBuildFile; fileRef = 19CE73F7DC79B3C162BBF748 /* SceneKit3DView.swift */; };
		B0CF186FCC46335A9F61A79E /* ImageFiltersView.swift in Sources */ = {isa = PBXBuildFile; fileRef = 1018556897D9FB175CEB951F /* ImageFiltersView.swift */; };
		B0FCFFB7FE63323458ECCAF2 /* DemoCard.swift in Sources */ = {isa = PBXBuildFile; fileRef = 8AF64E90C5FB6B200F43F9C5 /* DemoCard.swift */; };
		B1068D90316D8F2125AE2FD0 /* ElasticMenuView.swift in Sources */ = {isa = PBXBuildFile; fileRef = 7ADF93F8A1EBC616DBAE3952 /* ElasticMenuView.swift */; };
		BA3C9369D80B5BF7024818EC /* RichGraphicsApp.swift in Sources */ = {isa = PBXBuildFile; fileRef = 4AEA92A3BFE70F0AB2D35F04 /* RichGraphicsApp.swift */; };
		C78A97806E7AD616F6E9326E /* SwiftUIAnimationsView.swift in Sources */ = {isa = PBXBuildFile; fileRef = F0EA7D63837FDA37C56B0FEF /* SwiftUIAnimationsView.swift */; };
		D1B34FC118B7793F9558AC85 /* ShapeBuilderView.swift in Sources */ = {isa = PBXBuildFile; fileRef = 65D0479C82E41FEB67C7587E /* ShapeBuilderView.swift */; };
		D9BBA84549EE92C72CEB914B /* SnapGridView.swift in Sources */ = {isa = PBXBuildFile; fileRef = CF26634B8781530B420FF632 /* SnapGridView.swift */; };
		D9EB931732AB86920ADE3A6A /* CustomEffectsView.swift in Sources */ = {isa = PBXBuildFile; fileRef = 4B7F7BE2724831730343DE98 /* CustomEffectsView.swift */; };
		DB5B92C77E612E3EC97CC028 /* PendulumView.swift in Sources */ = {isa = PBXBuildFile; fileRef = B63954BAEA0CF5A4DD700B06 /* PendulumView.swift */; };
		DFAC2437EE9BC0D52D69568D /* BreakoutGameView.swift in Sources */ = {isa = PBXBuildFile; fileRef = E6DEACB4BCC1C88E50D6E668 /* BreakoutGameView.swift */; };
		E163C784FEDB57F1C3599ADE /* StarfieldView.swift in Sources */ = {isa = PBXBuildFile; fileRef = 7C06F46CCD930E32DAB76BC0 /* StarfieldView.swift */; };
		E84C47DD5A6B36BC6E10FEE0 /* MatchedGeometryView.swift in Sources */ = {isa = PBXBuildFile; fileRef = DDCCD85030DBAC8D2EFBCF44 /* MatchedGeometryView.swift */; };
		F12833BEB5E9E7B1C5659C34 /* ParticleEffectsView.swift in Sources */ = {isa = PBXBuildFile; fileRef = 830B09DF790E26C887C33CA2 /* ParticleEffectsView.swift */; };
		F1C79F16F30D7E2AD29FA506 /* FilterChainBuilderView.swift in Sources */ = {isa = PBXBuildFile; fileRef = F8C636C8BA92156C7325D97A /* FilterChainBuilderView.swift */; };
		F28F5A581998B01DD320F65F /* UIKitDynamicsView.swift in Sources */ = {isa = PBXBuildFile; fileRef = B35205C2E63653648FAA8724 /* UIKitDynamicsView.swift */; };
		F6693B9ECBDE0168C296112C /* DemoDetailView.swift in Sources */ = {isa = PBXBuildFile; fileRef = 56DE8902CCFE6BA1E5865B07 /* DemoDetailView.swift */; };
		F6E5A50FB429E1800A312A95 /* FireworksView.swift in Sources */ = {isa = PBXBuildFile; fileRef = FAFBAEB1F80C2E5809F68968 /* FireworksView.swift */; };
		F8A6DEDAE022AFE1EEA08F7C /* PhaseAnimationsView.swift in Sources */ = {isa = PBXBuildFile; fileRef = D755DD27E2AB08CA700CF88B /* PhaseAnimationsView.swift */; };
		FA46B57FE1AA4AEC6A2D20C8 /* GenerativeArtView.swift in Sources */ = {isa = PBXBuildFile; fileRef = D1EF0C7D8D979EFC1E8AA1A5 /* GenerativeArtView.swift */; };
		FA7E6D3A8F02C68358B078EA /* WeatherView.swift in Sources */ = {isa = PBXBuildFile; fileRef = 6389F395B9B5A977A897FE96 /* WeatherView.swift */; };
/* End PBXBuildFile section */

/* Begin PBXFileReference section */
		01B395AC619B26E5030EB84D /* ProceduralGeometryView.swift */ = {isa = PBXFileReference; lastKnownFileType = sourcecode.swift; path = ProceduralGeometryView.swift; sourceTree = "<group>"; };
		0CF93C4360FD80A004DBFCD8 /* GravityCardsView.swift */ = {isa = PBXFileReference; lastKnownFileType = sourcecode.swift; path = GravityCardsView.swift; sourceTree = "<group>"; };
		1018556897D9FB175CEB951F /* ImageFiltersView.swift */ = {isa = PBXFileReference; lastKnownFileType = sourcecode.swift; path = ImageFiltersView.swift; sourceTree = "<group>"; };
		12A63DD145BF0B90CF23150E /* CustomTransitionsView.swift */ = {isa = PBXFileReference; lastKnownFileType = sourcecode.swift; path = CustomTransitionsView.swift; sourceTree = "<group>"; };
		19CE73F7DC79B3C162BBF748 /* SceneKit3DView.swift */ = {isa = PBXFileReference; lastKnownFileType = sourcecode.swift; path = SceneKit3DView.swift; sourceTree = "<group>"; };
		319F55D96381BE3AC1AABCB3 /* FireSmokeView.swift */ = {isa = PBXFileReference; lastKnownFileType = sourcecode.swift; path = FireSmokeView.swift; sourceTree = "<group>"; };
		4028CE89A97AB2F9883782D1 /* DestructionPhysicsView.swift */ = {isa = PBXFileReference; lastKnownFileType = sourcecode.swift; path = DestructionPhysicsView.swift; sourceTree = "<group>"; };
		4AEA92A3BFE70F0AB2D35F04 /* RichGraphicsApp.swift */ = {isa = PBXFileReference; lastKnownFileType = sourcecode.swift; path = RichGraphicsApp.swift; sourceTree = "<group>"; };
		4B304A26B7D0F854D81EDB5F /* FreehandDrawingView.swift */ = {isa = PBXFileReference; lastKnownFileType = sourcecode.swift; path = FreehandDrawingView.swift; sourceTree = "<group>"; };
		4B7F7BE2724831730343DE98 /* CustomEffectsView.swift */ = {isa = PBXFileReference; lastKnownFileType = sourcecode.swift; path = CustomEffectsView.swift; sourceTree = "<group>"; };
		5020D500733AA3BD990E8A4A /* ConfettiView.swift */ = {isa = PBXFileReference; lastKnownFileType = sourcecode.swift; path = ConfettiView.swift; sourceTree = "<group>"; };
		534BD5FAFF93DAC9FD80F0DE /* ModelViewerView.swift */ = {isa = PBXFileReference; lastKnownFileType = sourcecode.swift; path = ModelViewerView.swift; sourceTree = "<group>"; };
		53B677A242E1E31BAE58349D /* SwipeBackDisabler.swift */ = {isa = PBXFileReference; lastKnownFileType = sourcecode.swift; path = SwipeBackDisabler.swift; sourceTree = "<group>"; };
		56DE8902CCFE6BA1E5865B07 /* DemoDetailView.swift */ = {isa = PBXFileReference; lastKnownFileType = sourcecode.swift; path = DemoDetailView.swift; sourceTree = "<group>"; };
		5AA5C0C0CF14A8D8A2E99F8C /* SpringPlaygroundView.swift */ = {isa = PBXFileReference; lastKnownFileType = sourcecode.swift; path = SpringPlaygroundView.swift; sourceTree = "<group>"; };
		5DA70063F22F901D6DEE244C /* MorphingShapesView.swift */ = {isa = PBXFileReference; lastKnownFileType = sourcecode.swift; path = MorphingShapesView.swift; sourceTree = "<group>"; };
		6389F395B9B5A977A897FE96 /* WeatherView.swift */ = {isa = PBXFileReference; lastKnownFileType = sourcecode.swift; path = WeatherView.swift; sourceTree = "<group>"; };
		65D0479C82E41FEB67C7587E /* ShapeBuilderView.swift */ = {isa = PBXFileReference; lastKnownFileType = sourcecode.swift; path = ShapeBuilderView.swift; sourceTree = "<group>"; };
		66F4D21FAA8EAA9B0E3184B1 /* SignaturePadView.swift */ = {isa = PBXFileReference; lastKnownFileType = sourcecode.swift; path = SignaturePadView.swift; sourceTree = "<group>"; };
		745644BBFD99EF4A84E9844C /* KeyframeAnimationsView.swift */ = {isa = PBXFileReference; lastKnownFileType = sourcecode.swift; path = KeyframeAnimationsView.swift; sourceTree = "<group>"; };
		7ADF93F8A1EBC616DBAE3952 /* ElasticMenuView.swift */ = {isa = PBXFileReference; lastKnownFileType = sourcecode.swift; path = ElasticMenuView.swift; sourceTree = "<group>"; };
		7C06F46CCD930E32DAB76BC0 /* StarfieldView.swift */ = {isa = PBXFileReference; lastKnownFileType = sourcecode.swift; path = StarfieldView.swift; sourceTree = "<group>"; };
		830B09DF790E26C887C33CA2 /* ParticleEffectsView.swift */ = {isa = PBXFileReference; lastKnownFileType = sourcecode.swift; path = ParticleEffectsView.swift; sourceTree = "<group>"; };
		8AF64E90C5FB6B200F43F9C5 /* DemoCard.swift */ = {isa = PBXFileReference; lastKnownFileType = sourcecode.swift; path = DemoCard.swift; sourceTree = "<group>"; };
		8F48227653248D8C56637DE8 /* ContentView.swift */ = {isa = PBXFileReference; lastKnownFileType = sourcecode.swift; path = ContentView.swift; sourceTree = "<group>"; };
		9E0578BD25D09AF4243D79D4 /* ShaderPlaygroundView.swift */ = {isa = PBXFileReference; lastKnownFileType = sourcecode.swift; path = ShaderPlaygroundView.swift; sourceTree = "<group>"; };
		A05772D1F6F3B6099A9434E0 /* DemoModule.swift */ = {isa = PBXFileReference; lastKnownFileType = sourcecode.swift; path = DemoModule.swift; sourceTree = "<group>"; };
		A180C05F5DE4BF40287ACD3B /* CollisionBubblesView.swift */ = {isa = PBXFileReference; lastKnownFileType = sourcecode.swift; path = CollisionBubblesView.swift; sourceTree = "<group>"; };
		A59E8148F63E0F58762539F4 /* RichGraphics.app */ = {isa = PBXFileReference; includeInIndex = 0; lastKnownFileType = wrapper.application; path = RichGraphics.app; sourceTree = BUILT_PRODUCTS_DIR; };
		B35205C2E63653648FAA8724 /* UIKitDynamicsView.swift */ = {isa = PBXFileReference; lastKnownFileType = sourcecode.swift; path = UIKitDynamicsView.swift; sourceTree = "<group>"; };
		B454C5532365909BB19F8213 /* SpriteKitPhysicsView.swift */ = {isa = PBXFileReference; lastKnownFileType = sourcecode.swift; path = SpriteKitPhysicsView.swift; sourceTree = "<group>"; };
		B63954BAEA0CF5A4DD700B06 /* PendulumView.swift */ = {isa = PBXFileReference; lastKnownFileType = sourcecode.swift; path = PendulumView.swift; sourceTree = "<group>"; };
		B747DA1760A02261E38DCB06 /* TouchTrailView.swift */ = {isa = PBXFileReference; lastKnownFileType = sourcecode.swift; path = TouchTrailView.swift; sourceTree = "<group>"; };
		BAECF8764CF6BA84ADFE688A /* CameraFiltersView.swift */ = {isa = PBXFileReference; lastKnownFileType = sourcecode.swift; path = CameraFiltersView.swift; sourceTree = "<group>"; };
		C9B1F5CEA68F872445050A5F /* GravityBallsView.swift */ = {isa = PBXFileReference; lastKnownFileType = sourcecode.swift; path = GravityBallsView.swift; sourceTree = "<group>"; };
		C9C736C5DB643787C3B72255 /* FluidSimulationView.swift */ = {isa = PBXFileReference; lastKnownFileType = sourcecode.swift; path = FluidSimulationView.swift; sourceTree = "<group>"; };
		CB5CA416A1F61D467C105C65 /* SolarSystemView.swift */ = {isa = PBXFileReference; lastKnownFileType = sourcecode.swift; path = SolarSystemView.swift; sourceTree = "<group>"; };
		CF26634B8781530B420FF632 /* SnapGridView.swift */ = {isa = PBXFileReference; lastKnownFileType = sourcecode.swift; path = SnapGridView.swift; sourceTree = "<group>"; };
		D00C1D5C0C4A633B959A5D76 /* RagdollPlaygroundView.swift */ = {isa = PBXFileReference; lastKnownFileType = sourcecode.swift; path = RagdollPlaygroundView.swift; sourceTree = "<group>"; };
		D11BCBA8994CFE7B4D0AECCB /* DrawingCanvasView.swift */ = {isa = PBXFileReference; lastKnownFileType = sourcecode.swift; path = DrawingCanvasView.swift; sourceTree = "<group>"; };
		D1CAF7028C36D957D22E4DBE /* PencilKitCanvasView.swift */ = {isa = PBXFileReference; lastKnownFileType = sourcecode.swift; path = PencilKitCanvasView.swift; sourceTree = "<group>"; };
		D1EF0C7D8D979EFC1E8AA1A5 /* GenerativeArtView.swift */ = {isa = PBXFileReference; lastKnownFileType = sourcecode.swift; path = GenerativeArtView.swift; sourceTree = "<group>"; };
		D755DD27E2AB08CA700CF88B /* PhaseAnimationsView.swift */ = {isa = PBXFileReference; lastKnownFileType = sourcecode.swift; path = PhaseAnimationsView.swift; sourceTree = "<group>"; };
		DDCCD85030DBAC8D2EFBCF44 /* MatchedGeometryView.swift */ = {isa = PBXFileReference; lastKnownFileType = sourcecode.swift; path = MatchedGeometryView.swift; sourceTree = "<group>"; };
		E016F67E557F3D7BDE29D28C /* MagneticFieldView.swift */ = {isa = PBXFileReference; lastKnownFileType = sourcecode.swift; path = MagneticFieldView.swift; sourceTree = "<group>"; };
		E6DEACB4BCC1C88E50D6E668 /* BreakoutGameView.swift */ = {isa = PBXFileReference; lastKnownFileType = sourcecode.swift; path = BreakoutGameView.swift; sourceTree = "<group>"; };
		F0EA7D63837FDA37C56B0FEF /* SwiftUIAnimationsView.swift */ = {isa = PBXFileReference; lastKnownFileType = sourcecode.swift; path = SwiftUIAnimationsView.swift; sourceTree = "<group>"; };
		F48134C32D6B6EAC5D314665 /* FilterGalleryView.swift */ = {isa = PBXFileReference; lastKnownFileType = sourcecode.swift; path = FilterGalleryView.swift; sourceTree = "<group>"; };
		F8C636C8BA92156C7325D97A /* FilterChainBuilderView.swift */ = {isa = PBXFileReference; lastKnownFileType = sourcecode.swift; path = FilterChainBuilderView.swift; sourceTree = "<group>"; };
		FAFBAEB1F80C2E5809F68968 /* FireworksView.swift */ = {isa = PBXFileReference; lastKnownFileType = sourcecode.swift; path = FireworksView.swift; sourceTree = "<group>"; };
		FB5A39FC7F93D23D3B786553 /* HologramEffectView.swift */ = {isa = PBXFileReference; lastKnownFileType = sourcecode.swift; path = HologramEffectView.swift; sourceTree = "<group>"; };
/* End PBXFileReference section */

/* Begin PBXGroup section */
		09AC857CCE9E8A85063C0481 /* Modules */ = {
			isa = PBXGroup;
			children = (
				8BF4AA1EFAE9B65DD5BA349F /* DrawingCanvas */,
				57B1B1606E3616C5D9171863 /* ImageFilters */,
				10892AF55C25B2FEB262E503 /* ParticleEffects */,
				587A72D0C0FF2F474A54F26F /* SceneKit3D */,
				82A97CDE8D31D0F72C50BBF2 /* SpriteKitPhysics */,
				7F7830ADA9DF52BA28D72802 /* SwiftUIAnimations */,
				A458AE0CEECB305404955436 /* UIKitDynamics */,
			);
			path = Modules;
			sourceTree = "<group>";
		};
		10892AF55C25B2FEB262E503 /* ParticleEffects */ = {
			isa = PBXGroup;
			children = (
				5020D500733AA3BD990E8A4A /* ConfettiView.swift */,
				319F55D96381BE3AC1AABCB3 /* FireSmokeView.swift */,
				FAFBAEB1F80C2E5809F68968 /* FireworksView.swift */,
				830B09DF790E26C887C33CA2 /* ParticleEffectsView.swift */,
				7C06F46CCD930E32DAB76BC0 /* StarfieldView.swift */,
				B747DA1760A02261E38DCB06 /* TouchTrailView.swift */,
				6389F395B9B5A977A897FE96 /* WeatherView.swift */,
			);
			path = ParticleEffects;
			sourceTree = "<group>";
		};
		12339D3E714AEFEDBE23668A /* App */ = {
			isa = PBXGroup;
			children = (
				8F48227653248D8C56637DE8 /* ContentView.swift */,
				A05772D1F6F3B6099A9434E0 /* DemoModule.swift */,
				4AEA92A3BFE70F0AB2D35F04 /* RichGraphicsApp.swift */,
			);
			path = App;
			sourceTree = "<group>";
		};
		238FDD38EAD9BD1A0594649A /* Components */ = {
			isa = PBXGroup;
			children = (
				8AF64E90C5FB6B200F43F9C5 /* DemoCard.swift */,
				56DE8902CCFE6BA1E5865B07 /* DemoDetailView.swift */,
				53B677A242E1E31BAE58349D /* SwipeBackDisabler.swift */,
			);
			path = Components;
			sourceTree = "<group>";
		};
		57B1B1606E3616C5D9171863 /* ImageFilters */ = {
			isa = PBXGroup;
			children = (
				BAECF8764CF6BA84ADFE688A /* CameraFiltersView.swift */,
				4B7F7BE2724831730343DE98 /* CustomEffectsView.swift */,
				F8C636C8BA92156C7325D97A /* FilterChainBuilderView.swift */,
				F48134C32D6B6EAC5D314665 /* FilterGalleryView.swift */,
				1018556897D9FB175CEB951F /* ImageFiltersView.swift */,
			);
			path = ImageFilters;
			sourceTree = "<group>";
		};
		587A72D0C0FF2F474A54F26F /* SceneKit3D */ = {
			isa = PBXGroup;
			children = (
				FB5A39FC7F93D23D3B786553 /* HologramEffectView.swift */,
				534BD5FAFF93DAC9FD80F0DE /* ModelViewerView.swift */,
				01B395AC619B26E5030EB84D /* ProceduralGeometryView.swift */,
				19CE73F7DC79B3C162BBF748 /* SceneKit3DView.swift */,
				9E0578BD25D09AF4243D79D4 /* ShaderPlaygroundView.swift */,
				CB5CA416A1F61D467C105C65 /* SolarSystemView.swift */,
			);
			path = SceneKit3D;
			sourceTree = "<group>";
		};
		7EAD5DD167ED03E2E92DFC6A /* Products */ = {
			isa = PBXGroup;
			children = (
				A59E8148F63E0F58762539F4 /* RichGraphics.app */,
			);
			name = Products;
			sourceTree = "<group>";
		};
		7F7830ADA9DF52BA28D72802 /* SwiftUIAnimations */ = {
			isa = PBXGroup;
			children = (
				12A63DD145BF0B90CF23150E /* CustomTransitionsView.swift */,
				745644BBFD99EF4A84E9844C /* KeyframeAnimationsView.swift */,
				DDCCD85030DBAC8D2EFBCF44 /* MatchedGeometryView.swift */,
				5DA70063F22F901D6DEE244C /* MorphingShapesView.swift */,
				D755DD27E2AB08CA700CF88B /* PhaseAnimationsView.swift */,
				5AA5C0C0CF14A8D8A2E99F8C /* SpringPlaygroundView.swift */,
				F0EA7D63837FDA37C56B0FEF /* SwiftUIAnimationsView.swift */,
			);
			path = SwiftUIAnimations;
			sourceTree = "<group>";
		};
		82A97CDE8D31D0F72C50BBF2 /* SpriteKitPhysics */ = {
			isa = PBXGroup;
			children = (
				E6DEACB4BCC1C88E50D6E668 /* BreakoutGameView.swift */,
				4028CE89A97AB2F9883782D1 /* DestructionPhysicsView.swift */,
				C9C736C5DB643787C3B72255 /* FluidSimulationView.swift */,
				C9B1F5CEA68F872445050A5F /* GravityBallsView.swift */,
				E016F67E557F3D7BDE29D28C /* MagneticFieldView.swift */,
				D00C1D5C0C4A633B959A5D76 /* RagdollPlaygroundView.swift */,
				B454C5532365909BB19F8213 /* SpriteKitPhysicsView.swift */,
			);
			path = SpriteKitPhysics;
			sourceTree = "<group>";
		};
		83FA500E8125E3FC3EB0D082 = {
			isa = PBXGroup;
			children = (
				E40BF1F90EF9304FC5EF2568 /* RichGraphics */,
				7EAD5DD167ED03E2E92DFC6A /* Products */,
			);
			sourceTree = "<group>";
		};
		84DB951563AAC47E8F7023A3 /* Shared */ = {
			isa = PBXGroup;
			children = (
				238FDD38EAD9BD1A0594649A /* Components */,
			);
			path = Shared;
			sourceTree = "<group>";
		};
		8BF4AA1EFAE9B65DD5BA349F /* DrawingCanvas */ = {
			isa = PBXGroup;
			children = (
				D11BCBA8994CFE7B4D0AECCB /* DrawingCanvasView.swift */,
				4B304A26B7D0F854D81EDB5F /* FreehandDrawingView.swift */,
				D1EF0C7D8D979EFC1E8AA1A5 /* GenerativeArtView.swift */,
				D1CAF7028C36D957D22E4DBE /* PencilKitCanvasView.swift */,
				65D0479C82E41FEB67C7587E /* ShapeBuilderView.swift */,
				66F4D21FAA8EAA9B0E3184B1 /* SignaturePadView.swift */,
			);
			path = DrawingCanvas;
			sourceTree = "<group>";
		};
		A458AE0CEECB305404955436 /* UIKitDynamics */ = {
			isa = PBXGroup;
			children = (
				A180C05F5DE4BF40287ACD3B /* CollisionBubblesView.swift */,
				7ADF93F8A1EBC616DBAE3952 /* ElasticMenuView.swift */,
				0CF93C4360FD80A004DBFCD8 /* GravityCardsView.swift */,
				B63954BAEA0CF5A4DD700B06 /* PendulumView.swift */,
				CF26634B8781530B420FF632 /* SnapGridView.swift */,
				B35205C2E63653648FAA8724 /* UIKitDynamicsView.swift */,
			);
			path = UIKitDynamics;
			sourceTree = "<group>";
		};
		E40BF1F90EF9304FC5EF2568 /* RichGraphics */ = {
			isa = PBXGroup;
			children = (
				12339D3E714AEFEDBE23668A /* App */,
				09AC857CCE9E8A85063C0481 /* Modules */,
				84DB951563AAC47E8F7023A3 /* Shared */,
			);
			path = RichGraphics;
			sourceTree = "<group>";
		};
/* End PBXGroup section */

/* Begin PBXNativeTarget section */
		73ECAF5A73B2C13E4EB56CB5 /* RichGraphics */ = {
			isa = PBXNativeTarget;
			buildConfigurationList = 31EC54DD4847704D1523BE5F /* Build configuration list for PBXNativeTarget "RichGraphics" */;
			buildPhases = (
				DE5FF658445083A7B14C5ADE /* Sources */,
			);
			buildRules = (
			);
			dependencies = (
			);
			name = RichGraphics;
			packageProductDependencies = (
			);
			productName = RichGraphics;
			productReference = A59E8148F63E0F58762539F4 /* RichGraphics.app */;
			productType = "com.apple.product-type.application";
		};
/* End PBXNativeTarget section */

/* Begin PBXProject section */
		BB3C0FFC695BC05FBEFD0216 /* Project object */ = {
			isa = PBXProject;
			attributes = {
				BuildIndependentTargetsInParallel = YES;
				LastUpgradeCheck = 1600;
				TargetAttributes = {
					73ECAF5A73B2C13E4EB56CB5 = {
						DevelopmentTeam = "";
					};
				};
			};
			buildConfigurationList = 37740CA40FCDB84FFAA87F68 /* Build configuration list for PBXProject "RichGraphics" */;
			compatibilityVersion = "Xcode 14.0";
			developmentRegion = en;
			hasScannedForEncodings = 0;
			knownRegions = (
				Base,
				en,
			);
			mainGroup = 83FA500E8125E3FC3EB0D082;
			minimizedProjectReferenceProxies = 1;
			preferredProjectObjectVersion = 77;
			projectDirPath = "";
			projectRoot = "";
			targets = (
				73ECAF5A73B2C13E4EB56CB5 /* RichGraphics */,
			);
		};
/* End PBXProject section */

/* Begin PBXSourcesBuildPhase section */
		DE5FF658445083A7B14C5ADE /* Sources */ = {
			isa = PBXSourcesBuildPhase;
			buildActionMask = 2147483647;
			files = (
				DFAC2437EE9BC0D52D69568D /* BreakoutGameView.swift in Sources */,
				A52F3C77880D422E8947E945 /* CameraFiltersView.swift in Sources */,
				7C1088D2C126731D4B1CCE59 /* CollisionBubblesView.swift in Sources */,
				759971B3C795124319D67CC6 /* ConfettiView.swift in Sources */,
				721E01A92ED971DD4B99EDD6 /* ContentView.swift in Sources */,
				D9EB931732AB86920ADE3A6A /* CustomEffectsView.swift in Sources */,
				4A6A5939E22FAEFEC2D61FCF /* CustomTransitionsView.swift in Sources */,
				B0FCFFB7FE63323458ECCAF2 /* DemoCard.swift in Sources */,
				F6693B9ECBDE0168C296112C /* DemoDetailView.swift in Sources */,
				0A5BFBE55725B4126841324C /* DemoModule.swift in Sources */,
				82E7384175608A0643DF1B8C /* DestructionPhysicsView.swift in Sources */,
				70FFC5D23882D7383AD52CF4 /* DrawingCanvasView.swift in Sources */,
				B1068D90316D8F2125AE2FD0 /* ElasticMenuView.swift in Sources */,
				F1C79F16F30D7E2AD29FA506 /* FilterChainBuilderView.swift in Sources */,
				35041B233F97BA1F2DA2C9BD /* FilterGalleryView.swift in Sources */,
				163A789FB5EB011DD05358F1 /* FireSmokeView.swift in Sources */,
				F6E5A50FB429E1800A312A95 /* FireworksView.swift in Sources */,
				82C097C829CF73CA68CD8389 /* FluidSimulationView.swift in Sources */,
				95D3B0FCA3D47F0ED8020606 /* FreehandDrawingView.swift in Sources */,
				FA46B57FE1AA4AEC6A2D20C8 /* GenerativeArtView.swift in Sources */,
				6EFDEB1F0825789B3F39A31C /* GravityBallsView.swift in Sources */,
				643DB8DE07FEF66506E95C65 /* GravityCardsView.swift in Sources */,
				1C88FB111CA31CD33D1C3ED3 /* HologramEffectView.swift in Sources */,
				B0CF186FCC46335A9F61A79E /* ImageFiltersView.swift in Sources */,
				86385BD4984481572F63B2CA /* KeyframeAnimationsView.swift in Sources */,
				1817101F39700628E6FC34E9 /* MagneticFieldView.swift in Sources */,
				E84C47DD5A6B36BC6E10FEE0 /* MatchedGeometryView.swift in Sources */,
				37538B5AA401DABBC5C5B983 /* ModelViewerView.swift in Sources */,
				A997C56364DAE82DACAC9B4E /* MorphingShapesView.swift in Sources */,
				F12833BEB5E9E7B1C5659C34 /* ParticleEffectsView.swift in Sources */,
				2361A7EE73CC83C58B519943 /* PencilKitCanvasView.swift in Sources */,
				DB5B92C77E612E3EC97CC028 /* PendulumView.swift in Sources */,
				F8A6DEDAE022AFE1EEA08F7C /* PhaseAnimationsView.swift in Sources */,
				138B80BB5BCC0DA7324B96A9 /* ProceduralGeometryView.swift in Sources */,
				4AA74AC60222CEED0402066E /* RagdollPlaygroundView.swift in Sources */,
				BA3C9369D80B5BF7024818EC /* RichGraphicsApp.swift in Sources */,
				AFC87944DBC8A841AD9AA3A0 /* SceneKit3DView.swift in Sources */,
				38969E05FED64C762BEADC2C /* ShaderPlaygroundView.swift in Sources */,
				D1B34FC118B7793F9558AC85 /* ShapeBuilderView.swift in Sources */,
				357D81A75F3043F093A0D161 /* SignaturePadView.swift in Sources */,
				D9BBA84549EE92C72CEB914B /* SnapGridView.swift in Sources */,
				803BA7AEE3ABC8812802C219 /* SolarSystemView.swift in Sources */,
				39F145A26E6F7B1288B00604 /* SpringPlaygroundView.swift in Sources */,
				05203B3B2710756C572C03EC /* SpriteKitPhysicsView.swift in Sources */,
				E163C784FEDB57F1C3599ADE /* StarfieldView.swift in Sources */,
				C78A97806E7AD616F6E9326E /* SwiftUIAnimationsView.swift in Sources */,
				8D466C630330DC546E067BCE /* SwipeBackDisabler.swift in Sources */,
				1EF998FC36F376BCDC331098 /* TouchTrailView.swift in Sources */,
				F28F5A581998B01DD320F65F /* UIKitDynamicsView.swift in Sources */,
				FA7E6D3A8F02C68358B078EA /* WeatherView.swift in Sources */,
			);
			runOnlyForDeploymentPostprocessing = 0;
		};
/* End PBXSourcesBuildPhase section */

/* Begin XCBuildConfiguration section */
		2D044A59FDF954F38609AF44 /* Release */ = {
			isa = XCBuildConfiguration;
			buildSettings = {
				ALWAYS_SEARCH_USER_PATHS = NO;
				CLANG_ANALYZER_NONNULL = YES;
				CLANG_ANALYZER_NUMBER_OBJECT_CONVERSION = YES_AGGRESSIVE;
				CLANG_CXX_LANGUAGE_STANDARD = "gnu++14";
				CLANG_CXX_LIBRARY = "libc++";
				CLANG_ENABLE_MODULES = YES;
				CLANG_ENABLE_OBJC_ARC = YES;
				CLANG_ENABLE_OBJC_WEAK = YES;
				CLANG_WARN_BLOCK_CAPTURE_AUTORELEASING = YES;
				CLANG_WARN_BOOL_CONVERSION = YES;
				CLANG_WARN_COMMA = YES;
				CLANG_WARN_CONSTANT_CONVERSION = YES;
				CLANG_WARN_DEPRECATED_OBJC_IMPLEMENTATIONS = YES;
				CLANG_WARN_DIRECT_OBJC_ISA_USAGE = YES_ERROR;
				CLANG_WARN_DOCUMENTATION_COMMENTS = YES;
				CLANG_WARN_EMPTY_BODY = YES;
				CLANG_WARN_ENUM_CONVERSION = YES;
				CLANG_WARN_INFINITE_RECURSION = YES;
				CLANG_WARN_INT_CONVERSION = YES;
				CLANG_WARN_NON_LITERAL_NULL_CONVERSION = YES;
				CLANG_WARN_OBJC_IMPLICIT_RETAIN_SELF = YES;
				CLANG_WARN_OBJC_LITERAL_CONVERSION = YES;
				CLANG_WARN_OBJC_ROOT_CLASS = YES_ERROR;
				CLANG_WARN_QUOTED_INCLUDE_IN_FRAMEWORK_HEADER = YES;
				CLANG_WARN_RANGE_LOOP_ANALYSIS = YES;
				CLANG_WARN_STRICT_PROTOTYPES = YES;
				CLANG_WARN_SUSPICIOUS_MOVE = YES;
				CLANG_WARN_UNGUARDED_AVAILABILITY = YES_AGGRESSIVE;
				CLANG_WARN_UNREACHABLE_CODE = YES;
				CLANG_WARN__DUPLICATE_METHOD_MATCH = YES;
				COPY_PHASE_STRIP = NO;
				DEBUG_INFORMATION_FORMAT = "dwarf-with-dsym";
				ENABLE_NS_ASSERTIONS = NO;
				ENABLE_STRICT_OBJC_MSGSEND = YES;
				GCC_C_LANGUAGE_STANDARD = gnu11;
				GCC_NO_COMMON_BLOCKS = YES;
				GCC_WARN_64_TO_32_BIT_CONVERSION = YES;
				GCC_WARN_ABOUT_RETURN_TYPE = YES_ERROR;
				GCC_WARN_UNDECLARED_SELECTOR = YES;
				GCC_WARN_UNINITIALIZED_AUTOS = YES_AGGRESSIVE;
				GCC_WARN_UNUSED_FUNCTION = YES;
				GCC_WARN_UNUSED_VARIABLE = YES;
				IPHONEOS_DEPLOYMENT_TARGET = 17.0;
				MTL_ENABLE_DEBUG_INFO = NO;
				MTL_FAST_MATH = YES;
				PRODUCT_NAME = "$(TARGET_NAME)";
				SDKROOT = iphoneos;
				SWIFT_COMPILATION_MODE = wholemodule;
				SWIFT_OPTIMIZATION_LEVEL = "-O";
				SWIFT_VERSION = 5.0;
			};
			name = Release;
		};
		49B059B47EC2990E489F4B90 /* Debug */ = {
			isa = XCBuildConfiguration;
			buildSettings = {
				ASSETCATALOG_COMPILER_APPICON_NAME = AppIcon;
				CODE_SIGN_IDENTITY = "iPhone Developer";
				CURRENT_PROJECT_VERSION = 1;
				DEVELOPMENT_TEAM = "";
				GENERATE_INFOPLIST_FILE = YES;
				INFOPLIST_KEY_NSCameraUsageDescription = "Camera access is used for real-time filter effects";
				INFOPLIST_KEY_NSMotionUsageDescription = "Motion data is used to control gravity direction in physics simulations";
				INFOPLIST_KEY_UIApplicationSceneManifest_Generation = YES;
				INFOPLIST_KEY_UIApplicationSupportsIndirectInputEvents = YES;
				INFOPLIST_KEY_UILaunchScreen_Generation = YES;
				INFOPLIST_KEY_UISupportedInterfaceOrientations_iPad = "UIInterfaceOrientationPortrait UIInterfaceOrientationPortraitUpsideDown UIInterfaceOrientationLandscapeLeft UIInterfaceOrientationLandscapeRight";
				INFOPLIST_KEY_UISupportedInterfaceOrientations_iPhone = "UIInterfaceOrientationPortrait UIInterfaceOrientationLandscapeLeft UIInterfaceOrientationLandscapeRight";
				LD_RUNPATH_SEARCH_PATHS = (
					"$(inherited)",
					"@executable_path/Frameworks",
				);
				MARKETING_VERSION = 1.0.0;
				PRODUCT_BUNDLE_IDENTIFIER = com.lingostar.RichGraphics;
				SDKROOT = iphoneos;
				SWIFT_STRICT_CONCURRENCY = complete;
				SWIFT_VERSION = 6.0;
				TARGETED_DEVICE_FAMILY = "1,2";
			};
			name = Debug;
		};
		8205A22407375BF7D48A968A /* Release */ = {
			isa = XCBuildConfiguration;
			buildSettings = {
				ASSETCATALOG_COMPILER_APPICON_NAME = AppIcon;
				CODE_SIGN_IDENTITY = "iPhone Developer";
				CURRENT_PROJECT_VERSION = 1;
				DEVELOPMENT_TEAM = "";
				GENERATE_INFOPLIST_FILE = YES;
				INFOPLIST_KEY_NSCameraUsageDescription = "Camera access is used for real-time filter effects";
				INFOPLIST_KEY_NSMotionUsageDescription = "Motion data is used to control gravity direction in physics simulations";
				INFOPLIST_KEY_UIApplicationSceneManifest_Generation = YES;
				INFOPLIST_KEY_UIApplicationSupportsIndirectInputEvents = YES;
				INFOPLIST_KEY_UILaunchScreen_Generation = YES;
				INFOPLIST_KEY_UISupportedInterfaceOrientations_iPad = "UIInterfaceOrientationPortrait UIInterfaceOrientationPortraitUpsideDown UIInterfaceOrientationLandscapeLeft UIInterfaceOrientationLandscapeRight";
				INFOPLIST_KEY_UISupportedInterfaceOrientations_iPhone = "UIInterfaceOrientationPortrait UIInterfaceOrientationLandscapeLeft UIInterfaceOrientationLandscapeRight";
				LD_RUNPATH_SEARCH_PATHS = (
					"$(inherited)",
					"@executable_path/Frameworks",
				);
				MARKETING_VERSION = 1.0.0;
				PRODUCT_BUNDLE_IDENTIFIER = com.lingostar.RichGraphics;
				SDKROOT = iphoneos;
				SWIFT_STRICT_CONCURRENCY = complete;
				SWIFT_VERSION = 6.0;
				TARGETED_DEVICE_FAMILY = "1,2";
			};
			name = Release;
		};
		ACC29C282FB216DEDC5D729D /* Debug */ = {
			isa = XCBuildConfiguration;
			buildSettings = {
				ALWAYS_SEARCH_USER_PATHS = NO;
				CLANG_ANALYZER_NONNULL = YES;
				CLANG_ANALYZER_NUMBER_OBJECT_CONVERSION = YES_AGGRESSIVE;
				CLANG_CXX_LANGUAGE_STANDARD = "gnu++14";
				CLANG_CXX_LIBRARY = "libc++";
				CLANG_ENABLE_MODULES = YES;
				CLANG_ENABLE_OBJC_ARC = YES;
				CLANG_ENABLE_OBJC_WEAK = YES;
				CLANG_WARN_BLOCK_CAPTURE_AUTORELEASING = YES;
				CLANG_WARN_BOOL_CONVERSION = YES;
				CLANG_WARN_COMMA = YES;
				CLANG_WARN_CONSTANT_CONVERSION = YES;
				CLANG_WARN_DEPRECATED_OBJC_IMPLEMENTATIONS = YES;
				CLANG_WARN_DIRECT_OBJC_ISA_USAGE = YES_ERROR;
				CLANG_WARN_DOCUMENTATION_COMMENTS = YES;
				CLANG_WARN_EMPTY_BODY = YES;
				CLANG_WARN_ENUM_CONVERSION = YES;
				CLANG_WARN_INFINITE_RECURSION = YES;
				CLANG_WARN_INT_CONVERSION = YES;
				CLANG_WARN_NON_LITERAL_NULL_CONVERSION = YES;
				CLANG_WARN_OBJC_IMPLICIT_RETAIN_SELF = YES;
				CLANG_WARN_OBJC_LITERAL_CONVERSION = YES;
				CLANG_WARN_OBJC_ROOT_CLASS = YES_ERROR;
				CLANG_WARN_QUOTED_INCLUDE_IN_FRAMEWORK_HEADER = YES;
				CLANG_WARN_RANGE_LOOP_ANALYSIS = YES;
				CLANG_WARN_STRICT_PROTOTYPES = YES;
				CLANG_WARN_SUSPICIOUS_MOVE = YES;
				CLANG_WARN_UNGUARDED_AVAILABILITY = YES_AGGRESSIVE;
				CLANG_WARN_UNREACHABLE_CODE = YES;
				CLANG_WARN__DUPLICATE_METHOD_MATCH = YES;
				COPY_PHASE_STRIP = NO;
				DEBUG_INFORMATION_FORMAT = dwarf;
				ENABLE_STRICT_OBJC_MSGSEND = YES;
				ENABLE_TESTABILITY = YES;
				GCC_C_LANGUAGE_STANDARD = gnu11;
				GCC_DYNAMIC_NO_PIC = NO;
				GCC_NO_COMMON_BLOCKS = YES;
				GCC_OPTIMIZATION_LEVEL = 0;
				GCC_PREPROCESSOR_DEFINITIONS = (
					"$(inherited)",
					"DEBUG=1",
				);
				GCC_WARN_64_TO_32_BIT_CONVERSION = YES;
				GCC_WARN_ABOUT_RETURN_TYPE = YES_ERROR;
				GCC_WARN_UNDECLARED_SELECTOR = YES;
				GCC_WARN_UNINITIALIZED_AUTOS = YES_AGGRESSIVE;
				GCC_WARN_UNUSED_FUNCTION = YES;
				GCC_WARN_UNUSED_VARIABLE = YES;
				IPHONEOS_DEPLOYMENT_TARGET = 17.0;
				MTL_ENABLE_DEBUG_INFO = INCLUDE_SOURCE;
				MTL_FAST_MATH = YES;
				ONLY_ACTIVE_ARCH = YES;
				PRODUCT_NAME = "$(TARGET_NAME)";
				SDKROOT = iphoneos;
				SWIFT_ACTIVE_COMPILATION_CONDITIONS = DEBUG;
				SWIFT_OPTIMIZATION_LEVEL = "-Onone";
				SWIFT_VERSION = 5.0;
			};
			name = Debug;
		};
/* End XCBuildConfiguration section */

/* Begin XCConfigurationList section */
		31EC54DD4847704D1523BE5F /* Build configuration list for PBXNativeTarget "RichGraphics" */ = {
			isa = XCConfigurationList;
			buildConfigurations = (
				49B059B47EC2990E489F4B90 /* Debug */,
				8205A22407375BF7D48A968A /* Release */,
			);
			defaultConfigurationIsVisible = 0;
			defaultConfigurationName = Debug;
		};
		37740CA40FCDB84FFAA87F68 /* Build configuration list for PBXProject "RichGraphics" */ = {
			isa = XCConfigurationList;
			buildConfigurations = (
				ACC29C282FB216DEDC5D729D /* Debug */,
				2D044A59FDF954F38609AF44 /* Release */,
			);
			defaultConfigurationIsVisible = 0;
			defaultConfigurationName = Debug;
		};
/* End XCConfigurationList section */
	};
	rootObject = BB3C0FFC695BC05FBEFD0216 /* Project object */;
}
